
Microsoft Visual Studio Solution File, Format Version 12.00
# Visual Studio Version 16
VisualStudioVersion = 16.0.29025.244
MinimumVisualStudioVersion = 10.0.40219.1
Project("{FAE04EC0-301F-11D3-BF4B-00C04F79EFBC}") = "H.Framework.WPF.UITest", "H.Framework.WPF.UITest\H.Framework.WPF.UITest.csproj", "{5F6C7B45-E600-4A10-B2C2-5E92F337FAF6}"
EndProject
Project("{FAE04EC0-301F-11D3-BF4B-00C04F79EFBC}") = "H.Framework.WPF.Control", "H.Framework.WPF.Control\H.Framework.WPF.Control.csproj", "{828B8F6D-5DC6-41C8-99F6-F4DFAE7A91F7}"
EndProject
Project("{FAE04EC0-301F-11D3-BF4B-00C04F79EFBC}") = "H.Framework.WPF.Infrastructure", "H.Framework.WPF.Infrastructure\H.Framework.WPF.Infrastructure.csproj", "{AA9CC67B-D7A2-49AE-87DF-BE6EDB72E5EB}"
EndProject
Project("{2150E333-8FDC-42A3-9474-1A3956D46DE8}") = "Solution Items", "Solution Items", "{38E676A6-5ABE-4425-9EC1-4FF6846BDE08}"
	ProjectSection(SolutionItems) = preProject
		.gitignore = .gitignore
	EndProjectSection
EndProject
Project("{9A19103F-16F7-4668-BE54-9A1E7A4F7556}") = "H.Framework.Core", "H.Framework.Core\H.Framework.Core.csproj", "{5CABEBEF-8408-4713-A005-AAE14B48F10C}"
EndProject
Project("{9A19103F-16F7-4668-BE54-9A1E7A4F7556}") = "H.Framework.NETCore.IoC", "H.Framework.NETCore.IoC\H.Framework.NETCore.IoC.csproj", "{75A11811-258F-4A55-BADC-DC345B7D7EFD}"
EndProject
Project("{9A19103F-16F7-4668-BE54-9A1E7A4F7556}") = "H.Framework.Data.ORM", "H.Framework.Data.ORM\H.Framework.Data.ORM.csproj", "{39D2A01F-E4C7-46D8-9051-318F7AD489C5}"
EndProject
Project("{9A19103F-16F7-4668-BE54-9A1E7A4F7556}") = "H.Framework.Aliyun.MNS", "H.Framework.Aliyun.MNS\H.Framework.Aliyun.MNS.csproj", "{4C2B71E1-9FC7-43D2-8947-A2371DC16300}"
EndProject
Project("{9A19103F-16F7-4668-BE54-9A1E7A4F7556}") = "H.Framework.Aliyun.Log", "H.Framework.Aliyun.Log\H.Framework.Aliyun.Log.csproj", "{B02518F5-C1E4-4DF9-AE6E-3678E6096FB7}"
EndProject
Project("{9A19103F-16F7-4668-BE54-9A1E7A4F7556}") = "H.Framework.UMeng.Push", "H.Framework.U-Push\H.Framework.UMeng.Push.csproj", "{3350F8F5-24B2-4C2B-B39D-D28B6CDD4DA2}"
EndProject
Project("{9A19103F-16F7-4668-BE54-9A1E7A4F7556}") = "H.Framework.Aliyun.ACM", "H.Framework.Aliyun.ACM\H.Framework.Aliyun.ACM.csproj", "{4126A0DE-18B8-42C0-BB52-36308B805FBE}"
EndProject
Project("{FAE04EC0-301F-11D3-BF4B-00C04F79EFBC}") = "H.Framework.WPF.UI.Test", "H.Framework.WPF.UI.Test\H.Framework.WPF.UI.Test.csproj", "{FAF7A486-9889-4D26-B14E-AD5D816EF90F}"
EndProject
Global
	GlobalSection(SolutionConfigurationPlatforms) = preSolution
		Debug|Any CPU = Debug|Any CPU
		Debug|x64 = Debug|x64
		Debug|x86 = Debug|x86
		Release|Any CPU = Release|Any CPU
		Release|x64 = Release|x64
		Release|x86 = Release|x86
	EndGlobalSection
	GlobalSection(ProjectConfigurationPlatforms) = postSolution
		{5F6C7B45-E600-4A10-B2C2-5E92F337FAF6}.Debug|Any CPU.ActiveCfg = Debug|Any CPU
		{5F6C7B45-E600-4A10-B2C2-5E92F337FAF6}.Debug|Any CPU.Build.0 = Debug|Any CPU
		{5F6C7B45-E600-4A10-B2C2-5E92F337FAF6}.Debug|x64.ActiveCfg = Debug|x64
		{5F6C7B45-E600-4A10-B2C2-5E92F337FAF6}.Debug|x64.Build.0 = Debug|x64
		{5F6C7B45-E600-4A10-B2C2-5E92F337FAF6}.Debug|x86.ActiveCfg = Debug|x86
		{5F6C7B45-E600-4A10-B2C2-5E92F337FAF6}.Debug|x86.Build.0 = Debug|x86
		{5F6C7B45-E600-4A10-B2C2-5E92F337FAF6}.Release|Any CPU.ActiveCfg = Release|Any CPU
		{5F6C7B45-E600-4A10-B2C2-5E92F337FAF6}.Release|Any CPU.Build.0 = Release|Any CPU
		{5F6C7B45-E600-4A10-B2C2-5E92F337FAF6}.Release|x64.ActiveCfg = Release|x64
		{5F6C7B45-E600-4A10-B2C2-5E92F337FAF6}.Release|x64.Build.0 = Release|x64
		{5F6C7B45-E600-4A10-B2C2-5E92F337FAF6}.Release|x86.ActiveCfg = Release|x86
		{5F6C7B45-E600-4A10-B2C2-5E92F337FAF6}.Release|x86.Build.0 = Release|x86
		{828B8F6D-5DC6-41C8-99F6-F4DFAE7A91F7}.Debug|Any CPU.ActiveCfg = Debug|Any CPU
		{828B8F6D-5DC6-41C8-99F6-F4DFAE7A91F7}.Debug|Any CPU.Build.0 = Debug|Any CPU
		{828B8F6D-5DC6-41C8-99F6-F4DFAE7A91F7}.Debug|x64.ActiveCfg = Debug|x64
		{828B8F6D-5DC6-41C8-99F6-F4DFAE7A91F7}.Debug|x64.Build.0 = Debug|x64
		{828B8F6D-5DC6-41C8-99F6-F4DFAE7A91F7}.Debug|x86.ActiveCfg = Debug|Any CPU
		{828B8F6D-5DC6-41C8-99F6-F4DFAE7A91F7}.Debug|x86.Build.0 = Debug|Any CPU
		{828B8F6D-5DC6-41C8-99F6-F4DFAE7A91F7}.Release|Any CPU.ActiveCfg = Release|Any CPU
		{828B8F6D-5DC6-41C8-99F6-F4DFAE7A91F7}.Release|Any CPU.Build.0 = Release|Any CPU
		{828B8F6D-5DC6-41C8-99F6-F4DFAE7A91F7}.Release|x64.ActiveCfg = Release|x64
		{828B8F6D-5DC6-41C8-99F6-F4DFAE7A91F7}.Release|x64.Build.0 = Release|x64
		{828B8F6D-5DC6-41C8-99F6-F4DFAE7A91F7}.Release|x86.ActiveCfg = Release|x86
		{828B8F6D-5DC6-41C8-99F6-F4DFAE7A91F7}.Release|x86.Build.0 = Release|x86
		{AA9CC67B-D7A2-49AE-87DF-BE6EDB72E5EB}.Debug|Any CPU.ActiveCfg = Debug|Any CPU
		{AA9CC67B-D7A2-49AE-87DF-BE6EDB72E5EB}.Debug|Any CPU.Build.0 = Debug|Any CPU
		{AA9CC67B-D7A2-49AE-87DF-BE6EDB72E5EB}.Debug|x64.ActiveCfg = Debug|x64
		{AA9CC67B-D7A2-49AE-87DF-BE6EDB72E5EB}.Debug|x64.Build.0 = Debug|x64
		{AA9CC67B-D7A2-49AE-87DF-BE6EDB72E5EB}.Debug|x86.ActiveCfg = Debug|Any CPU
		{AA9CC67B-D7A2-49AE-87DF-BE6EDB72E5EB}.Debug|x86.Build.0 = Debug|Any CPU
		{AA9CC67B-D7A2-49AE-87DF-BE6EDB72E5EB}.Release|Any CPU.ActiveCfg = Release|Any CPU
		{AA9CC67B-D7A2-49AE-87DF-BE6EDB72E5EB}.Release|Any CPU.Build.0 = Release|Any CPU
		{AA9CC67B-D7A2-49AE-87DF-BE6EDB72E5EB}.Release|x64.ActiveCfg = Release|x64
		{AA9CC67B-D7A2-49AE-87DF-BE6EDB72E5EB}.Release|x64.Build.0 = Release|x64
		{AA9CC67B-D7A2-49AE-87DF-BE6EDB72E5EB}.Release|x86.ActiveCfg = Release|x86
		{AA9CC67B-D7A2-49AE-87DF-BE6EDB72E5EB}.Release|x86.Build.0 = Release|x86
		{5CABEBEF-8408-4713-A005-AAE14B48F10C}.Debug|Any CPU.ActiveCfg = Debug|Any CPU
		{5CABEBEF-8408-4713-A005-AAE14B48F10C}.Debug|Any CPU.Build.0 = Debug|Any CPU
		{5CABEBEF-8408-4713-A005-AAE14B48F10C}.Debug|x64.ActiveCfg = Debug|x64
		{5CABEBEF-8408-4713-A005-AAE14B48F10C}.Debug|x64.Build.0 = Debug|x64
		{5CABEBEF-8408-4713-A005-AAE14B48F10C}.Debug|x86.ActiveCfg = Debug|Any CPU
		{5CABEBEF-8408-4713-A005-AAE14B48F10C}.Debug|x86.Build.0 = Debug|Any CPU
		{5CABEBEF-8408-4713-A005-AAE14B48F10C}.Release|Any CPU.ActiveCfg = Release|Any CPU
		{5CABEBEF-8408-4713-A005-AAE14B48F10C}.Release|Any CPU.Build.0 = Release|Any CPU
		{5CABEBEF-8408-4713-A005-AAE14B48F10C}.Release|x64.ActiveCfg = Release|x64
		{5CABEBEF-8408-4713-A005-AAE14B48F10C}.Release|x64.Build.0 = Release|x64
		{5CABEBEF-8408-4713-A005-AAE14B48F10C}.Release|x86.ActiveCfg = Release|x86
		{5CABEBEF-8408-4713-A005-AAE14B48F10C}.Release|x86.Build.0 = Release|x86
		{75A11811-258F-4A55-BADC-DC345B7D7EFD}.Debug|Any CPU.ActiveCfg = Debug|Any CPU
		{75A11811-258F-4A55-BADC-DC345B7D7EFD}.Debug|Any CPU.Build.0 = Debug|Any CPU
		{75A11811-258F-4A55-BADC-DC345B7D7EFD}.Debug|x64.ActiveCfg = Debug|x64
		{75A11811-258F-4A55-BADC-DC345B7D7EFD}.Debug|x64.Build.0 = Debug|x64
		{75A11811-258F-4A55-BADC-DC345B7D7EFD}.Debug|x86.ActiveCfg = Debug|Any CPU
		{75A11811-258F-4A55-BADC-DC345B7D7EFD}.Debug|x86.Build.0 = Debug|Any CPU
		{75A11811-258F-4A55-BADC-DC345B7D7EFD}.Release|Any CPU.ActiveCfg = Release|Any CPU
		{75A11811-258F-4A55-BADC-DC345B7D7EFD}.Release|Any CPU.Build.0 = Release|Any CPU
		{75A11811-258F-4A55-BADC-DC345B7D7EFD}.Release|x64.ActiveCfg = Release|x64
		{75A11811-258F-4A55-BADC-DC345B7D7EFD}.Release|x64.Build.0 = Release|x64
		{75A11811-258F-4A55-BADC-DC345B7D7EFD}.Release|x86.ActiveCfg = Release|x86
		{75A11811-258F-4A55-BADC-DC345B7D7EFD}.Release|x86.Build.0 = Release|x86
		{39D2A01F-E4C7-46D8-9051-318F7AD489C5}.Debug|Any CPU.ActiveCfg = Debug|Any CPU
		{39D2A01F-E4C7-46D8-9051-318F7AD489C5}.Debug|Any CPU.Build.0 = Debug|Any CPU
		{39D2A01F-E4C7-46D8-9051-318F7AD489C5}.Debug|x64.ActiveCfg = Debug|x64
		{39D2A01F-E4C7-46D8-9051-318F7AD489C5}.Debug|x64.Build.0 = Debug|x64
		{39D2A01F-E4C7-46D8-9051-318F7AD489C5}.Debug|x86.ActiveCfg = Debug|Any CPU
		{39D2A01F-E4C7-46D8-9051-318F7AD489C5}.Debug|x86.Build.0 = Debug|Any CPU
		{39D2A01F-E4C7-46D8-9051-318F7AD489C5}.Release|Any CPU.ActiveCfg = Release|Any CPU
		{39D2A01F-E4C7-46D8-9051-318F7AD489C5}.Release|Any CPU.Build.0 = Release|Any CPU
		{39D2A01F-E4C7-46D8-9051-318F7AD489C5}.Release|x64.ActiveCfg = Release|x64
		{39D2A01F-E4C7-46D8-9051-318F7AD489C5}.Release|x64.Build.0 = Release|x64
		{39D2A01F-E4C7-46D8-9051-318F7AD489C5}.Release|x86.ActiveCfg = Release|x86
		{39D2A01F-E4C7-46D8-9051-318F7AD489C5}.Release|x86.Build.0 = Release|x86
		{4C2B71E1-9FC7-43D2-8947-A2371DC16300}.Debug|Any CPU.ActiveCfg = Debug|Any CPU
		{4C2B71E1-9FC7-43D2-8947-A2371DC16300}.Debug|Any CPU.Build.0 = Debug|Any CPU
		{4C2B71E1-9FC7-43D2-8947-A2371DC16300}.Debug|x64.ActiveCfg = Debug|x64
		{4C2B71E1-9FC7-43D2-8947-A2371DC16300}.Debug|x64.Build.0 = Debug|x64
		{4C2B71E1-9FC7-43D2-8947-A2371DC16300}.Debug|x86.ActiveCfg = Debug|Any CPU
		{4C2B71E1-9FC7-43D2-8947-A2371DC16300}.Debug|x86.Build.0 = Debug|Any CPU
		{4C2B71E1-9FC7-43D2-8947-A2371DC16300}.Release|Any CPU.ActiveCfg = Release|Any CPU
		{4C2B71E1-9FC7-43D2-8947-A2371DC16300}.Release|Any CPU.Build.0 = Release|Any CPU
		{4C2B71E1-9FC7-43D2-8947-A2371DC16300}.Release|x64.ActiveCfg = Release|x64
		{4C2B71E1-9FC7-43D2-8947-A2371DC16300}.Release|x64.Build.0 = Release|x64
		{4C2B71E1-9FC7-43D2-8947-A2371DC16300}.Release|x86.ActiveCfg = Release|x86
		{4C2B71E1-9FC7-43D2-8947-A2371DC16300}.Release|x86.Build.0 = Release|x86
		{B02518F5-C1E4-4DF9-AE6E-3678E6096FB7}.Debug|Any CPU.ActiveCfg = Debug|Any CPU
		{B02518F5-C1E4-4DF9-AE6E-3678E6096FB7}.Debug|Any CPU.Build.0 = Debug|Any CPU
		{B02518F5-C1E4-4DF9-AE6E-3678E6096FB7}.Debug|x64.ActiveCfg = Debug|x64
		{B02518F5-C1E4-4DF9-AE6E-3678E6096FB7}.Debug|x64.Build.0 = Debug|x64
		{B02518F5-C1E4-4DF9-AE6E-3678E6096FB7}.Debug|x86.ActiveCfg = Debug|Any CPU
		{B02518F5-C1E4-4DF9-AE6E-3678E6096FB7}.Debug|x86.Build.0 = Debug|Any CPU
		{B02518F5-C1E4-4DF9-AE6E-3678E6096FB7}.Release|Any CPU.ActiveCfg = Release|Any CPU
		{B02518F5-C1E4-4DF9-AE6E-3678E6096FB7}.Release|Any CPU.Build.0 = Release|Any CPU
		{B02518F5-C1E4-4DF9-AE6E-3678E6096FB7}.Release|x64.ActiveCfg = Release|x64
		{B02518F5-C1E4-4DF9-AE6E-3678E6096FB7}.Release|x64.Build.0 = Release|x64
		{B02518F5-C1E4-4DF9-AE6E-3678E6096FB7}.Release|x86.ActiveCfg = Release|x86
		{B02518F5-C1E4-4DF9-AE6E-3678E6096FB7}.Release|x86.Build.0 = Release|x86
		{3350F8F5-24B2-4C2B-B39D-D28B6CDD4DA2}.Debug|Any CPU.ActiveCfg = Debug|Any CPU
		{3350F8F5-24B2-4C2B-B39D-D28B6CDD4DA2}.Debug|Any CPU.Build.0 = Debug|Any CPU
		{3350F8F5-24B2-4C2B-B39D-D28B6CDD4DA2}.Debug|x64.ActiveCfg = Debug|x64
		{3350F8F5-24B2-4C2B-B39D-D28B6CDD4DA2}.Debug|x64.Build.0 = Debug|x64
		{3350F8F5-24B2-4C2B-B39D-D28B6CDD4DA2}.Debug|x86.ActiveCfg = Debug|Any CPU
		{3350F8F5-24B2-4C2B-B39D-D28B6CDD4DA2}.Debug|x86.Build.0 = Debug|Any CPU
		{3350F8F5-24B2-4C2B-B39D-D28B6CDD4DA2}.Release|Any CPU.ActiveCfg = Release|Any CPU
		{3350F8F5-24B2-4C2B-B39D-D28B6CDD4DA2}.Release|Any CPU.Build.0 = Release|Any CPU
		{3350F8F5-24B2-4C2B-B39D-D28B6CDD4DA2}.Release|x64.ActiveCfg = Release|x64
		{3350F8F5-24B2-4C2B-B39D-D28B6CDD4DA2}.Release|x64.Build.0 = Release|x64
		{3350F8F5-24B2-4C2B-B39D-D28B6CDD4DA2}.Release|x86.ActiveCfg = Release|x86
		{3350F8F5-24B2-4C2B-B39D-D28B6CDD4DA2}.Release|x86.Build.0 = Release|x86
		{4126A0DE-18B8-42C0-BB52-36308B805FBE}.Debug|Any CPU.ActiveCfg = Debug|Any CPU
		{4126A0DE-18B8-42C0-BB52-36308B805FBE}.Debug|Any CPU.Build.0 = Debug|Any CPU
		{4126A0DE-18B8-42C0-BB52-36308B805FBE}.Debug|x64.ActiveCfg = Debug|Any CPU
		{4126A0DE-18B8-42C0-BB52-36308B805FBE}.Debug|x64.Build.0 = Debug|Any CPU
		{4126A0DE-18B8-42C0-BB52-36308B805FBE}.Debug|x86.ActiveCfg = Debug|Any CPU
		{4126A0DE-18B8-42C0-BB52-36308B805FBE}.Debug|x86.Build.0 = Debug|Any CPU
		{4126A0DE-18B8-42C0-BB52-36308B805FBE}.Release|Any CPU.ActiveCfg = Release|Any CPU
		{4126A0DE-18B8-42C0-BB52-36308B805FBE}.Release|Any CPU.Build.0 = Release|Any CPU
		{4126A0DE-18B8-42C0-BB52-36308B805FBE}.Release|x64.ActiveCfg = Release|Any CPU
		{4126A0DE-18B8-42C0-BB52-36308B805FBE}.Release|x64.Build.0 = Release|Any CPU
		{4126A0DE-18B8-42C0-BB52-36308B805FBE}.Release|x86.ActiveCfg = Release|Any CPU
		{4126A0DE-18B8-42C0-BB52-36308B805FBE}.Release|x86.Build.0 = Release|Any CPU
		{FAF7A486-9889-4D26-B14E-AD5D816EF90F}.Debug|Any CPU.ActiveCfg = Debug|Any CPU
		{FAF7A486-9889-4D26-B14E-AD5D816EF90F}.Debug|Any CPU.Build.0 = Debug|Any CPU
		{FAF7A486-9889-4D26-B14E-AD5D816EF90F}.Debug|x64.ActiveCfg = Debug|Any CPU
		{FAF7A486-9889-4D26-B14E-AD5D816EF90F}.Debug|x64.Build.0 = Debug|Any CPU
		{FAF7A486-9889-4D26-B14E-AD5D816EF90F}.Debug|x86.ActiveCfg = Debug|Any CPU
		{FAF7A486-9889-4D26-B14E-AD5D816EF90F}.Debug|x86.Build.0 = Debug|Any CPU
		{FAF7A486-9889-4D26-B14E-AD5D816EF90F}.Release|Any CPU.ActiveCfg = Release|Any CPU
		{FAF7A486-9889-4D26-B14E-AD5D816EF90F}.Release|Any CPU.Build.0 = Release|Any CPU
		{FAF7A486-9889-4D26-B14E-AD5D816EF90F}.Release|x64.ActiveCfg = Release|Any CPU
		{FAF7A486-9889-4D26-B14E-AD5D816EF90F}.Release|x64.Build.0 = Release|Any CPU
		{FAF7A486-9889-4D26-B14E-AD5D816EF90F}.Release|x86.ActiveCfg = Release|Any CPU
		{FAF7A486-9889-4D26-B14E-AD5D816EF90F}.Release|x86.Build.0 = Release|Any CPU
	EndGlobalSection
	GlobalSection(SolutionProperties) = preSolution
		HideSolutionNode = FALSE
	EndGlobalSection
	GlobalSection(ExtensibilityGlobals) = postSolution
		SolutionGuid = {935FAE45-EC24-487E-ACB7-E7F258386BD2}
	EndGlobalSection
EndGlobal
