
Microsoft Visual Studio Solution File, Format Version 12.00
# Visual Studio 15
VisualStudioVersion = 15.0.27703.2042
MinimumVisualStudioVersion = 10.0.40219.1
Project("{FAE04EC0-301F-11D3-BF4B-00C04F79EFBC}") = "H.Framework.WPF.UITest", "H.Framework.WPF.UITest\H.Framework.WPF.UITest.csproj", "{5F6C7B45-E600-4A10-B2C2-5E92F337FAF6}"
EndProject
Project("{FAE04EC0-301F-11D3-BF4B-00C04F79EFBC}") = "H.Framework.WPF.Control", "H.Framework.WPF.Control\H.Framework.WPF.Control.csproj", "{828B8F6D-5DC6-41C8-99F6-F4DFAE7A91F7}"
EndProject
Project("{FAE04EC0-301F-11D3-BF4B-00C04F79EFBC}") = "H.Framework.WPF.Infrastructure", "H.Framework.WPF.Infrastructure\H.Framework.WPF.Infrastructure.csproj", "{AA9CC67B-D7A2-49AE-87DF-BE6EDB72E5EB}"
EndProject
Project("{2150E333-8FDC-42A3-9474-1A3956D46DE8}") = "Solution Items", "Solution Items", "{38E676A6-5ABE-4425-9EC1-4FF6846BDE08}"
	ProjectSection(SolutionItems) = preProject
		.gitignore = .gitignore
	EndProjectSection
EndProject
Project("{9A19103F-16F7-4668-BE54-9A1E7A4F7556}") = "H.Framework.Core", "H.Framework.Core\H.Framework.Core.csproj", "{5CABEBEF-8408-4713-A005-AAE14B48F10C}"
EndProject
Project("{9A19103F-16F7-4668-BE54-9A1E7A4F7556}") = "H.Framework.NETCore.IoC", "H.Framework.NETCore.IoC\H.Framework.NETCore.IoC.csproj", "{75A11811-258F-4A55-BADC-DC345B7D7EFD}"
EndProject
Project("{9A19103F-16F7-4668-BE54-9A1E7A4F7556}") = "H.Framework.Data.ORM", "H.Framework.Data.ORM\H.Framework.Data.ORM.csproj", "{39D2A01F-E4C7-46D8-9051-318F7AD489C5}"
EndProject
Project("{9A19103F-16F7-4668-BE54-9A1E7A4F7556}") = "H.Framework.Aliyun.MNS", "H.Framework.Aliyun.MNS\H.Framework.Aliyun.MNS.csproj", "{4C2B71E1-9FC7-43D2-8947-A2371DC16300}"
EndProject
Project("{FAE04EC0-301F-11D3-BF4B-00C04F79EFBC}") = "H.Framework.Aliyun.Log", "H.Framework.Aliyun.Log\H.Framework.Aliyun.Log.csproj", "{B02518F5-C1E4-4DF9-AE6E-3678E6096FB7}"
EndProject
Global
	GlobalSection(SolutionConfigurationPlatforms) = preSolution
		Debug|Any CPU = Debug|Any CPU
		Release|Any CPU = Release|Any CPU
	EndGlobalSection
	GlobalSection(ProjectConfigurationPlatforms) = postSolution
		{5F6C7B45-E600-4A10-B2C2-5E92F337FAF6}.Debug|Any CPU.ActiveCfg = Debug|Any CPU
		{5F6C7B45-E600-4A10-B2C2-5E92F337FAF6}.Debug|Any CPU.Build.0 = Debug|Any CPU
		{5F6C7B45-E600-4A10-B2C2-5E92F337FAF6}.Release|Any CPU.ActiveCfg = Release|Any CPU
		{5F6C7B45-E600-4A10-B2C2-5E92F337FAF6}.Release|Any CPU.Build.0 = Release|Any CPU
		{828B8F6D-5DC6-41C8-99F6-F4DFAE7A91F7}.Debug|Any CPU.ActiveCfg = Debug|Any CPU
		{828B8F6D-5DC6-41C8-99F6-F4DFAE7A91F7}.Debug|Any CPU.Build.0 = Debug|Any CPU
		{828B8F6D-5DC6-41C8-99F6-F4DFAE7A91F7}.Release|Any CPU.ActiveCfg = Release|Any CPU
		{828B8F6D-5DC6-41C8-99F6-F4DFAE7A91F7}.Release|Any CPU.Build.0 = Release|Any CPU
		{AA9CC67B-D7A2-49AE-87DF-BE6EDB72E5EB}.Debug|Any CPU.ActiveCfg = Debug|Any CPU
		{AA9CC67B-D7A2-49AE-87DF-BE6EDB72E5EB}.Debug|Any CPU.Build.0 = Debug|Any CPU
		{AA9CC67B-D7A2-49AE-87DF-BE6EDB72E5EB}.Release|Any CPU.ActiveCfg = Release|Any CPU
		{AA9CC67B-D7A2-49AE-87DF-BE6EDB72E5EB}.Release|Any CPU.Build.0 = Release|Any CPU
		{5CABEBEF-8408-4713-A005-AAE14B48F10C}.Debug|Any CPU.ActiveCfg = Debug|Any CPU
		{5CABEBEF-8408-4713-A005-AAE14B48F10C}.Debug|Any CPU.Build.0 = Debug|Any CPU
		{5CABEBEF-8408-4713-A005-AAE14B48F10C}.Release|Any CPU.ActiveCfg = Release|Any CPU
		{5CABEBEF-8408-4713-A005-AAE14B48F10C}.Release|Any CPU.Build.0 = Release|Any CPU
		{75A11811-258F-4A55-BADC-DC345B7D7EFD}.Debug|Any CPU.ActiveCfg = Debug|Any CPU
		{75A11811-258F-4A55-BADC-DC345B7D7EFD}.Debug|Any CPU.Build.0 = Debug|Any CPU
		{75A11811-258F-4A55-BADC-DC345B7D7EFD}.Release|Any CPU.ActiveCfg = Release|Any CPU
		{75A11811-258F-4A55-BADC-DC345B7D7EFD}.Release|Any CPU.Build.0 = Release|Any CPU
		{39D2A01F-E4C7-46D8-9051-318F7AD489C5}.Debug|Any CPU.ActiveCfg = Debug|Any CPU
		{39D2A01F-E4C7-46D8-9051-318F7AD489C5}.Debug|Any CPU.Build.0 = Debug|Any CPU
		{39D2A01F-E4C7-46D8-9051-318F7AD489C5}.Release|Any CPU.ActiveCfg = Release|Any CPU
		{39D2A01F-E4C7-46D8-9051-318F7AD489C5}.Release|Any CPU.Build.0 = Release|Any CPU
		{4C2B71E1-9FC7-43D2-8947-A2371DC16300}.Debug|Any CPU.ActiveCfg = Debug|Any CPU
		{4C2B71E1-9FC7-43D2-8947-A2371DC16300}.Debug|Any CPU.Build.0 = Debug|Any CPU
		{4C2B71E1-9FC7-43D2-8947-A2371DC16300}.Release|Any CPU.ActiveCfg = Release|Any CPU
		{4C2B71E1-9FC7-43D2-8947-A2371DC16300}.Release|Any CPU.Build.0 = Release|Any CPU
		{B02518F5-C1E4-4DF9-AE6E-3678E6096FB7}.Debug|Any CPU.ActiveCfg = Debug|Any CPU
		{B02518F5-C1E4-4DF9-AE6E-3678E6096FB7}.Debug|Any CPU.Build.0 = Debug|Any CPU
		{B02518F5-C1E4-4DF9-AE6E-3678E6096FB7}.Release|Any CPU.ActiveCfg = Release|Any CPU
		{B02518F5-C1E4-4DF9-AE6E-3678E6096FB7}.Release|Any CPU.Build.0 = Release|Any CPU
	EndGlobalSection
	GlobalSection(SolutionProperties) = preSolution
		HideSolutionNode = FALSE
	EndGlobalSection
	GlobalSection(ExtensibilityGlobals) = postSolution
		SolutionGuid = {935FAE45-EC24-487E-ACB7-E7F258386BD2}
	EndGlobalSection
EndGlobal
